
Microsoft Visual Studio Solution File, Format Version 12.00
# Visual Studio Version 16
VisualStudioVersion = 16.0.29806.167
MinimumVisualStudioVersion = 10.0.40219.1
Project("{2150E333-8FDC-42A3-9474-1A3956D46DE8}") = "0.Client", "0.Client", "{F367AF8E-CC1D-42AC-B411-77DBF0BF909E}"
EndProject
Project("{2150E333-8FDC-42A3-9474-1A3956D46DE8}") = "1.Bussines", "1.Bussines", "{8B17D242-8E87-46A1-BE89-B7B20A30D2CA}"
EndProject
Project("{2150E333-8FDC-42A3-9474-1A3956D46DE8}") = "2.DataAccess", "2.DataAccess", "{8B8A5776-0763-4EB1-B16C-FC6D73675A99}"
EndProject
Project("{2150E333-8FDC-42A3-9474-1A3956D46DE8}") = "3.Common", "3.Common", "{7A25AE32-26F3-49D9-90DC-3692AB64137B}"
EndProject
Project("{FAE04EC0-301F-11D3-BF4B-00C04F79EFBC}") = "BussinesLogic", "BussinesLogic\BussinesLogic.csproj", "{66B3197C-A384-405B-B618-DBD5BA79B284}"
EndProject
Project("{FAE04EC0-301F-11D3-BF4B-00C04F79EFBC}") = "Common", "Common\Common.csproj", "{C3E45F70-0528-43D2-94AA-88F78956D4D4}"
EndProject
Project("{FAE04EC0-301F-11D3-BF4B-00C04F79EFBC}") = "DataAccess", "DataAccess\DataAccess.csproj", "{D07D44F3-03C4-4448-A85A-DC70DFD5CE0D}"
EndProject
Project("{2150E333-8FDC-42A3-9474-1A3956D46DE8}") = "0.CustomersClient", "0.CustomersClient", "{3D5A516E-8CB1-4977-A755-01241E4FF0A9}"
EndProject
Project("{FAE04EC0-301F-11D3-BF4B-00C04F79EFBC}") = "CustomersClient", "CustomersClient\CustomersClient.csproj", "{47F8B242-9ABC-46C7-892A-031A7B8C03F2}"
EndProject
Project("{2150E333-8FDC-42A3-9474-1A3956D46DE8}") = "1.ManagementClient", "1.ManagementClient", "{2F2CC67F-E914-4680-ACB0-CB275952DE2B}"
EndProject
Project("{FAE04EC0-301F-11D3-BF4B-00C04F79EFBC}") = "ManagementClient", "ManagementClient\ManagementClient.csproj", "{4C74B192-C219-4EA4-895F-430EC6A5EFA6}"
EndProject
Global
	GlobalSection(SolutionConfigurationPlatforms) = preSolution
		Debug|Any CPU = Debug|Any CPU
		Release|Any CPU = Release|Any CPU
	EndGlobalSection
	GlobalSection(ProjectConfigurationPlatforms) = postSolution
		{66B3197C-A384-405B-B618-DBD5BA79B284}.Debug|Any CPU.ActiveCfg = Debug|Any CPU
		{66B3197C-A384-405B-B618-DBD5BA79B284}.Debug|Any CPU.Build.0 = Debug|Any CPU
		{66B3197C-A384-405B-B618-DBD5BA79B284}.Release|Any CPU.ActiveCfg = Release|Any CPU
		{66B3197C-A384-405B-B618-DBD5BA79B284}.Release|Any CPU.Build.0 = Release|Any CPU
		{C3E45F70-0528-43D2-94AA-88F78956D4D4}.Debug|Any CPU.ActiveCfg = Debug|Any CPU
		{C3E45F70-0528-43D2-94AA-88F78956D4D4}.Debug|Any CPU.Build.0 = Debug|Any CPU
		{C3E45F70-0528-43D2-94AA-88F78956D4D4}.Release|Any CPU.ActiveCfg = Release|Any CPU
		{C3E45F70-0528-43D2-94AA-88F78956D4D4}.Release|Any CPU.Build.0 = Release|Any CPU
		{D07D44F3-03C4-4448-A85A-DC70DFD5CE0D}.Debug|Any CPU.ActiveCfg = Debug|Any CPU
		{D07D44F3-03C4-4448-A85A-DC70DFD5CE0D}.Debug|Any CPU.Build.0 = Debug|Any CPU
		{D07D44F3-03C4-4448-A85A-DC70DFD5CE0D}.Release|Any CPU.ActiveCfg = Release|Any CPU
		{D07D44F3-03C4-4448-A85A-DC70DFD5CE0D}.Release|Any CPU.Build.0 = Release|Any CPU
		{47F8B242-9ABC-46C7-892A-031A7B8C03F2}.Debug|Any CPU.ActiveCfg = Debug|Any CPU
		{47F8B242-9ABC-46C7-892A-031A7B8C03F2}.Debug|Any CPU.Build.0 = Debug|Any CPU
		{47F8B242-9ABC-46C7-892A-031A7B8C03F2}.Release|Any CPU.ActiveCfg = Release|Any CPU
		{47F8B242-9ABC-46C7-892A-031A7B8C03F2}.Release|Any CPU.Build.0 = Release|Any CPU
		{4C74B192-C219-4EA4-895F-430EC6A5EFA6}.Debug|Any CPU.ActiveCfg = Debug|Any CPU
		{4C74B192-C219-4EA4-895F-430EC6A5EFA6}.Debug|Any CPU.Build.0 = Debug|Any CPU
		{4C74B192-C219-4EA4-895F-430EC6A5EFA6}.Release|Any CPU.ActiveCfg = Release|Any CPU
		{4C74B192-C219-4EA4-895F-430EC6A5EFA6}.Release|Any CPU.Build.0 = Release|Any CPU
	EndGlobalSection
	GlobalSection(SolutionProperties) = preSolution
		HideSolutionNode = FALSE
	EndGlobalSection
	GlobalSection(NestedProjects) = preSolution
		{66B3197C-A384-405B-B618-DBD5BA79B284} = {8B17D242-8E87-46A1-BE89-B7B20A30D2CA}
		{C3E45F70-0528-43D2-94AA-88F78956D4D4} = {7A25AE32-26F3-49D9-90DC-3692AB64137B}
		{D07D44F3-03C4-4448-A85A-DC70DFD5CE0D} = {8B8A5776-0763-4EB1-B16C-FC6D73675A99}
		{3D5A516E-8CB1-4977-A755-01241E4FF0A9} = {F367AF8E-CC1D-42AC-B411-77DBF0BF909E}
		{47F8B242-9ABC-46C7-892A-031A7B8C03F2} = {3D5A516E-8CB1-4977-A755-01241E4FF0A9}
		{2F2CC67F-E914-4680-ACB0-CB275952DE2B} = {F367AF8E-CC1D-42AC-B411-77DBF0BF909E}
		{4C74B192-C219-4EA4-895F-430EC6A5EFA6} = {2F2CC67F-E914-4680-ACB0-CB275952DE2B}
	EndGlobalSection
	GlobalSection(ExtensibilityGlobals) = postSolution
		SolutionGuid = {6ED1CE77-BD2F-44D3-8234-A995B8A8E9ED}
	EndGlobalSection
EndGlobal
